
Microsoft Visual Studio Solution File, Format Version 12.00
# Visual Studio Version 16
VisualStudioVersion = 16.0.30914.41
MinimumVisualStudioVersion = 10.0.40219.1
Project("{2150E333-8FDC-42A3-9474-1A3956D46DE8}") = "Platforms", "Platforms", "{C61474E1-DBA8-4BB4-AB7A-BC241C61DC02}"
EndProject
Project("{FAE04EC0-301F-11D3-BF4B-00C04F79EFBC}") = "MinGridView.Droid", "MinGridView.Droid\MinGridView.Droid.csproj", "{BD285E01-28F0-4044-BB8C-F09A73E17368}"
EndProject
Project("{FAE04EC0-301F-11D3-BF4B-00C04F79EFBC}") = "MinGridView.UWP", "MinGridView.UWP\MinGridView.UWP.csproj", "{56307D1D-715A-4D4D-AA6E-D67FD242B7BE}"
EndProject
Project("{D954291E-2A0B-460D-934E-DC6B0785DB48}") = "MinGridView.Shared", "MinGridView.Shared\MinGridView.Shared.shproj", "{6279C845-92F8-4333-AB99-3D213163593C}"
EndProject
Global
	GlobalSection(SharedMSBuildProjectFiles) = preSolution
		MinGridView.Shared\MinGridView.Shared.projitems*{56307d1d-715a-4d4d-aa6e-d67fd242b7be}*SharedItemsImports = 4
		MinGridView.Shared\MinGridView.Shared.projitems*{6279c845-92f8-4333-ab99-3d213163593c}*SharedItemsImports = 13
		MinGridView.Shared\MinGridView.Shared.projitems*{bd285e01-28f0-4044-bb8c-f09a73e17368}*SharedItemsImports = 4
	EndGlobalSection
	GlobalSection(SolutionConfigurationPlatforms) = preSolution
		Ad-Hoc|Any CPU = Ad-Hoc|Any CPU
		Ad-Hoc|ARM = Ad-Hoc|ARM
		Ad-Hoc|ARM64 = Ad-Hoc|ARM64
		Ad-Hoc|iPhone = Ad-Hoc|iPhone
		Ad-Hoc|iPhoneSimulator = Ad-Hoc|iPhoneSimulator
		Ad-Hoc|x64 = Ad-Hoc|x64
		Ad-Hoc|x86 = Ad-Hoc|x86
		AppStore|Any CPU = AppStore|Any CPU
		AppStore|ARM = AppStore|ARM
		AppStore|ARM64 = AppStore|ARM64
		AppStore|iPhone = AppStore|iPhone
		AppStore|iPhoneSimulator = AppStore|iPhoneSimulator
		AppStore|x64 = AppStore|x64
		AppStore|x86 = AppStore|x86
		Debug|Any CPU = Debug|Any CPU
		Debug|ARM = Debug|ARM
		Debug|ARM64 = Debug|ARM64
		Debug|iPhone = Debug|iPhone
		Debug|iPhoneSimulator = Debug|iPhoneSimulator
		Debug|x64 = Debug|x64
		Debug|x86 = Debug|x86
		Release|Any CPU = Release|Any CPU
		Release|ARM = Release|ARM
		Release|ARM64 = Release|ARM64
		Release|iPhone = Release|iPhone
		Release|iPhoneSimulator = Release|iPhoneSimulator
		Release|x64 = Release|x64
		Release|x86 = Release|x86
	EndGlobalSection
	GlobalSection(ProjectConfigurationPlatforms) = postSolution
		{BD285E01-28F0-4044-BB8C-F09A73E17368}.Ad-Hoc|Any CPU.ActiveCfg = Debug|Any CPU
		{BD285E01-28F0-4044-BB8C-F09A73E17368}.Ad-Hoc|Any CPU.Build.0 = Debug|Any CPU
		{BD285E01-28F0-4044-BB8C-F09A73E17368}.Ad-Hoc|Any CPU.Deploy.0 = Debug|Any CPU
		{BD285E01-28F0-4044-BB8C-F09A73E17368}.Ad-Hoc|ARM.ActiveCfg = Debug|Any CPU
		{BD285E01-28F0-4044-BB8C-F09A73E17368}.Ad-Hoc|ARM.Build.0 = Debug|Any CPU
		{BD285E01-28F0-4044-BB8C-F09A73E17368}.Ad-Hoc|ARM.Deploy.0 = Debug|Any CPU
		{BD285E01-28F0-4044-BB8C-F09A73E17368}.Ad-Hoc|ARM64.ActiveCfg = Debug|Any CPU
		{BD285E01-28F0-4044-BB8C-F09A73E17368}.Ad-Hoc|ARM64.Build.0 = Debug|Any CPU
		{BD285E01-28F0-4044-BB8C-F09A73E17368}.Ad-Hoc|ARM64.Deploy.0 = Debug|Any CPU
		{BD285E01-28F0-4044-BB8C-F09A73E17368}.Ad-Hoc|iPhone.ActiveCfg = Debug|Any CPU
		{BD285E01-28F0-4044-BB8C-F09A73E17368}.Ad-Hoc|iPhone.Build.0 = Debug|Any CPU
		{BD285E01-28F0-4044-BB8C-F09A73E17368}.Ad-Hoc|iPhone.Deploy.0 = Debug|Any CPU
		{BD285E01-28F0-4044-BB8C-F09A73E17368}.Ad-Hoc|iPhoneSimulator.ActiveCfg = Debug|Any CPU
		{BD285E01-28F0-4044-BB8C-F09A73E17368}.Ad-Hoc|iPhoneSimulator.Build.0 = Debug|Any CPU
		{BD285E01-28F0-4044-BB8C-F09A73E17368}.Ad-Hoc|iPhoneSimulator.Deploy.0 = Debug|Any CPU
		{BD285E01-28F0-4044-BB8C-F09A73E17368}.Ad-Hoc|x64.ActiveCfg = Debug|Any CPU
		{BD285E01-28F0-4044-BB8C-F09A73E17368}.Ad-Hoc|x64.Build.0 = Debug|Any CPU
		{BD285E01-28F0-4044-BB8C-F09A73E17368}.Ad-Hoc|x64.Deploy.0 = Debug|Any CPU
		{BD285E01-28F0-4044-BB8C-F09A73E17368}.Ad-Hoc|x86.ActiveCfg = Debug|Any CPU
		{BD285E01-28F0-4044-BB8C-F09A73E17368}.Ad-Hoc|x86.Build.0 = Debug|Any CPU
		{BD285E01-28F0-4044-BB8C-F09A73E17368}.Ad-Hoc|x86.Deploy.0 = Debug|Any CPU
		{BD285E01-28F0-4044-BB8C-F09A73E17368}.AppStore|Any CPU.ActiveCfg = Debug|Any CPU
		{BD285E01-28F0-4044-BB8C-F09A73E17368}.AppStore|Any CPU.Build.0 = Debug|Any CPU
		{BD285E01-28F0-4044-BB8C-F09A73E17368}.AppStore|Any CPU.Deploy.0 = Debug|Any CPU
		{BD285E01-28F0-4044-BB8C-F09A73E17368}.AppStore|ARM.ActiveCfg = Debug|Any CPU
		{BD285E01-28F0-4044-BB8C-F09A73E17368}.AppStore|ARM.Build.0 = Debug|Any CPU
		{BD285E01-28F0-4044-BB8C-F09A73E17368}.AppStore|ARM.Deploy.0 = Debug|Any CPU
		{BD285E01-28F0-4044-BB8C-F09A73E17368}.AppStore|ARM64.ActiveCfg = Debug|Any CPU
		{BD285E01-28F0-4044-BB8C-F09A73E17368}.AppStore|ARM64.Build.0 = Debug|Any CPU
		{BD285E01-28F0-4044-BB8C-F09A73E17368}.AppStore|ARM64.Deploy.0 = Debug|Any CPU
		{BD285E01-28F0-4044-BB8C-F09A73E17368}.AppStore|iPhone.ActiveCfg = Debug|Any CPU
		{BD285E01-28F0-4044-BB8C-F09A73E17368}.AppStore|iPhone.Build.0 = Debug|Any CPU
		{BD285E01-28F0-4044-BB8C-F09A73E17368}.AppStore|iPhone.Deploy.0 = Debug|Any CPU
		{BD285E01-28F0-4044-BB8C-F09A73E17368}.AppStore|iPhoneSimulator.ActiveCfg = Debug|Any CPU
		{BD285E01-28F0-4044-BB8C-F09A73E17368}.AppStore|iPhoneSimulator.Build.0 = Debug|Any CPU
		{BD285E01-28F0-4044-BB8C-F09A73E17368}.AppStore|iPhoneSimulator.Deploy.0 = Debug|Any CPU
		{BD285E01-28F0-4044-BB8C-F09A73E17368}.AppStore|x64.ActiveCfg = Debug|Any CPU
		{BD285E01-28F0-4044-BB8C-F09A73E17368}.AppStore|x64.Build.0 = Debug|Any CPU
		{BD285E01-28F0-4044-BB8C-F09A73E17368}.AppStore|x64.Deploy.0 = Debug|Any CPU
		{BD285E01-28F0-4044-BB8C-F09A73E17368}.AppStore|x86.ActiveCfg = Debug|Any CPU
		{BD285E01-28F0-4044-BB8C-F09A73E17368}.AppStore|x86.Build.0 = Debug|Any CPU
		{BD285E01-28F0-4044-BB8C-F09A73E17368}.AppStore|x86.Deploy.0 = Debug|Any CPU
		{BD285E01-28F0-4044-BB8C-F09A73E17368}.Debug|Any CPU.ActiveCfg = Debug|Any CPU
		{BD285E01-28F0-4044-BB8C-F09A73E17368}.Debug|Any CPU.Build.0 = Debug|Any CPU
		{BD285E01-28F0-4044-BB8C-F09A73E17368}.Debug|Any CPU.Deploy.0 = Debug|Any CPU
		{BD285E01-28F0-4044-BB8C-F09A73E17368}.Debug|ARM.ActiveCfg = Debug|Any CPU
		{BD285E01-28F0-4044-BB8C-F09A73E17368}.Debug|ARM.Build.0 = Debug|Any CPU
		{BD285E01-28F0-4044-BB8C-F09A73E17368}.Debug|ARM.Deploy.0 = Debug|Any CPU
		{BD285E01-28F0-4044-BB8C-F09A73E17368}.Debug|ARM64.ActiveCfg = Debug|Any CPU
		{BD285E01-28F0-4044-BB8C-F09A73E17368}.Debug|ARM64.Build.0 = Debug|Any CPU
		{BD285E01-28F0-4044-BB8C-F09A73E17368}.Debug|ARM64.Deploy.0 = Debug|Any CPU
		{BD285E01-28F0-4044-BB8C-F09A73E17368}.Debug|iPhone.ActiveCfg = Debug|Any CPU
		{BD285E01-28F0-4044-BB8C-F09A73E17368}.Debug|iPhone.Build.0 = Debug|Any CPU
		{BD285E01-28F0-4044-BB8C-F09A73E17368}.Debug|iPhone.Deploy.0 = Debug|Any CPU
		{BD285E01-28F0-4044-BB8C-F09A73E17368}.Debug|iPhoneSimulator.ActiveCfg = Debug|Any CPU
		{BD285E01-28F0-4044-BB8C-F09A73E17368}.Debug|iPhoneSimulator.Build.0 = Debug|Any CPU
		{BD285E01-28F0-4044-BB8C-F09A73E17368}.Debug|iPhoneSimulator.Deploy.0 = Debug|Any CPU
		{BD285E01-28F0-4044-BB8C-F09A73E17368}.Debug|x64.ActiveCfg = Debug|Any CPU
		{BD285E01-28F0-4044-BB8C-F09A73E17368}.Debug|x64.Build.0 = Debug|Any CPU
		{BD285E01-28F0-4044-BB8C-F09A73E17368}.Debug|x64.Deploy.0 = Debug|Any CPU
		{BD285E01-28F0-4044-BB8C-F09A73E17368}.Debug|x86.ActiveCfg = Debug|Any CPU
		{BD285E01-28F0-4044-BB8C-F09A73E17368}.Debug|x86.Build.0 = Debug|Any CPU
		{BD285E01-28F0-4044-BB8C-F09A73E17368}.Debug|x86.Deploy.0 = Debug|Any CPU
		{BD285E01-28F0-4044-BB8C-F09A73E17368}.Release|Any CPU.ActiveCfg = Release|Any CPU
		{BD285E01-28F0-4044-BB8C-F09A73E17368}.Release|Any CPU.Build.0 = Release|Any CPU
		{BD285E01-28F0-4044-BB8C-F09A73E17368}.Release|Any CPU.Deploy.0 = Release|Any CPU
		{BD285E01-28F0-4044-BB8C-F09A73E17368}.Release|ARM.ActiveCfg = Release|Any CPU
		{BD285E01-28F0-4044-BB8C-F09A73E17368}.Release|ARM.Build.0 = Release|Any CPU
		{BD285E01-28F0-4044-BB8C-F09A73E17368}.Release|ARM.Deploy.0 = Release|Any CPU
		{BD285E01-28F0-4044-BB8C-F09A73E17368}.Release|ARM64.ActiveCfg = Release|Any CPU
		{BD285E01-28F0-4044-BB8C-F09A73E17368}.Release|ARM64.Build.0 = Release|Any CPU
		{BD285E01-28F0-4044-BB8C-F09A73E17368}.Release|ARM64.Deploy.0 = Release|Any CPU
		{BD285E01-28F0-4044-BB8C-F09A73E17368}.Release|iPhone.ActiveCfg = Release|Any CPU
		{BD285E01-28F0-4044-BB8C-F09A73E17368}.Release|iPhone.Build.0 = Release|Any CPU
		{BD285E01-28F0-4044-BB8C-F09A73E17368}.Release|iPhone.Deploy.0 = Release|Any CPU
		{BD285E01-28F0-4044-BB8C-F09A73E17368}.Release|iPhoneSimulator.ActiveCfg = Release|Any CPU
		{BD285E01-28F0-4044-BB8C-F09A73E17368}.Release|iPhoneSimulator.Build.0 = Release|Any CPU
		{BD285E01-28F0-4044-BB8C-F09A73E17368}.Release|iPhoneSimulator.Deploy.0 = Release|Any CPU
		{BD285E01-28F0-4044-BB8C-F09A73E17368}.Release|x64.ActiveCfg = Release|Any CPU
		{BD285E01-28F0-4044-BB8C-F09A73E17368}.Release|x64.Build.0 = Release|Any CPU
		{BD285E01-28F0-4044-BB8C-F09A73E17368}.Release|x64.Deploy.0 = Release|Any CPU
		{BD285E01-28F0-4044-BB8C-F09A73E17368}.Release|x86.ActiveCfg = Release|Any CPU
		{BD285E01-28F0-4044-BB8C-F09A73E17368}.Release|x86.Build.0 = Release|Any CPU
		{BD285E01-28F0-4044-BB8C-F09A73E17368}.Release|x86.Deploy.0 = Release|Any CPU
		{56307D1D-715A-4D4D-AA6E-D67FD242B7BE}.Ad-Hoc|Any CPU.ActiveCfg = Debug|x86
		{56307D1D-715A-4D4D-AA6E-D67FD242B7BE}.Ad-Hoc|Any CPU.Build.0 = Debug|x86
		{56307D1D-715A-4D4D-AA6E-D67FD242B7BE}.Ad-Hoc|Any CPU.Deploy.0 = Debug|x86
		{56307D1D-715A-4D4D-AA6E-D67FD242B7BE}.Ad-Hoc|ARM.ActiveCfg = Debug|ARM
		{56307D1D-715A-4D4D-AA6E-D67FD242B7BE}.Ad-Hoc|ARM.Build.0 = Debug|ARM
		{56307D1D-715A-4D4D-AA6E-D67FD242B7BE}.Ad-Hoc|ARM.Deploy.0 = Debug|ARM
		{56307D1D-715A-4D4D-AA6E-D67FD242B7BE}.Ad-Hoc|ARM64.ActiveCfg = Debug|ARM64
		{56307D1D-715A-4D4D-AA6E-D67FD242B7BE}.Ad-Hoc|ARM64.Build.0 = Debug|ARM64
		{56307D1D-715A-4D4D-AA6E-D67FD242B7BE}.Ad-Hoc|ARM64.Deploy.0 = Debug|ARM64
		{56307D1D-715A-4D4D-AA6E-D67FD242B7BE}.Ad-Hoc|iPhone.ActiveCfg = Debug|x86
		{56307D1D-715A-4D4D-AA6E-D67FD242B7BE}.Ad-Hoc|iPhone.Build.0 = Debug|x86
		{56307D1D-715A-4D4D-AA6E-D67FD242B7BE}.Ad-Hoc|iPhone.Deploy.0 = Debug|x86
		{56307D1D-715A-4D4D-AA6E-D67FD242B7BE}.Ad-Hoc|iPhoneSimulator.ActiveCfg = Debug|x86
		{56307D1D-715A-4D4D-AA6E-D67FD242B7BE}.Ad-Hoc|iPhoneSimulator.Build.0 = Debug|x86
		{56307D1D-715A-4D4D-AA6E-D67FD242B7BE}.Ad-Hoc|iPhoneSimulator.Deploy.0 = Debug|x86
		{56307D1D-715A-4D4D-AA6E-D67FD242B7BE}.Ad-Hoc|x64.ActiveCfg = Debug|x64
		{56307D1D-715A-4D4D-AA6E-D67FD242B7BE}.Ad-Hoc|x64.Build.0 = Debug|x64
		{56307D1D-715A-4D4D-AA6E-D67FD242B7BE}.Ad-Hoc|x64.Deploy.0 = Debug|x64
		{56307D1D-715A-4D4D-AA6E-D67FD242B7BE}.Ad-Hoc|x86.ActiveCfg = Debug|x86
		{56307D1D-715A-4D4D-AA6E-D67FD242B7BE}.Ad-Hoc|x86.Build.0 = Debug|x86
		{56307D1D-715A-4D4D-AA6E-D67FD242B7BE}.Ad-Hoc|x86.Deploy.0 = Debug|x86
		{56307D1D-715A-4D4D-AA6E-D67FD242B7BE}.AppStore|Any CPU.ActiveCfg = Debug|x86
		{56307D1D-715A-4D4D-AA6E-D67FD242B7BE}.AppStore|Any CPU.Build.0 = Debug|x86
		{56307D1D-715A-4D4D-AA6E-D67FD242B7BE}.AppStore|Any CPU.Deploy.0 = Debug|x86
		{56307D1D-715A-4D4D-AA6E-D67FD242B7BE}.AppStore|ARM.ActiveCfg = Debug|ARM
		{56307D1D-715A-4D4D-AA6E-D67FD242B7BE}.AppStore|ARM.Build.0 = Debug|ARM
		{56307D1D-715A-4D4D-AA6E-D67FD242B7BE}.AppStore|ARM.Deploy.0 = Debug|ARM
		{56307D1D-715A-4D4D-AA6E-D67FD242B7BE}.AppStore|ARM64.ActiveCfg = Debug|ARM64
		{56307D1D-715A-4D4D-AA6E-D67FD242B7BE}.AppStore|ARM64.Build.0 = Debug|ARM64
		{56307D1D-715A-4D4D-AA6E-D67FD242B7BE}.AppStore|ARM64.Deploy.0 = Debug|ARM64
		{56307D1D-715A-4D4D-AA6E-D67FD242B7BE}.AppStore|iPhone.ActiveCfg = Debug|x86
		{56307D1D-715A-4D4D-AA6E-D67FD242B7BE}.AppStore|iPhone.Build.0 = Debug|x86
		{56307D1D-715A-4D4D-AA6E-D67FD242B7BE}.AppStore|iPhone.Deploy.0 = Debug|x86
		{56307D1D-715A-4D4D-AA6E-D67FD242B7BE}.AppStore|iPhoneSimulator.ActiveCfg = Debug|x86
		{56307D1D-715A-4D4D-AA6E-D67FD242B7BE}.AppStore|iPhoneSimulator.Build.0 = Debug|x86
		{56307D1D-715A-4D4D-AA6E-D67FD242B7BE}.AppStore|iPhoneSimulator.Deploy.0 = Debug|x86
		{56307D1D-715A-4D4D-AA6E-D67FD242B7BE}.AppStore|x64.ActiveCfg = Debug|x64
		{56307D1D-715A-4D4D-AA6E-D67FD242B7BE}.AppStore|x64.Build.0 = Debug|x64
		{56307D1D-715A-4D4D-AA6E-D67FD242B7BE}.AppStore|x64.Deploy.0 = Debug|x64
		{56307D1D-715A-4D4D-AA6E-D67FD242B7BE}.AppStore|x86.ActiveCfg = Debug|x86
		{56307D1D-715A-4D4D-AA6E-D67FD242B7BE}.AppStore|x86.Build.0 = Debug|x86
		{56307D1D-715A-4D4D-AA6E-D67FD242B7BE}.AppStore|x86.Deploy.0 = Debug|x86
		{56307D1D-715A-4D4D-AA6E-D67FD242B7BE}.Debug|Any CPU.ActiveCfg = Debug|x86
		{56307D1D-715A-4D4D-AA6E-D67FD242B7BE}.Debug|ARM.ActiveCfg = Debug|ARM
		{56307D1D-715A-4D4D-AA6E-D67FD242B7BE}.Debug|ARM.Build.0 = Debug|ARM
		{56307D1D-715A-4D4D-AA6E-D67FD242B7BE}.Debug|ARM.Deploy.0 = Debug|ARM
		{56307D1D-715A-4D4D-AA6E-D67FD242B7BE}.Debug|ARM64.ActiveCfg = Debug|ARM64
		{56307D1D-715A-4D4D-AA6E-D67FD242B7BE}.Debug|ARM64.Build.0 = Debug|ARM64
		{56307D1D-715A-4D4D-AA6E-D67FD242B7BE}.Debug|ARM64.Deploy.0 = Debug|ARM64
		{56307D1D-715A-4D4D-AA6E-D67FD242B7BE}.Debug|iPhone.ActiveCfg = Debug|x86
		{56307D1D-715A-4D4D-AA6E-D67FD242B7BE}.Debug|iPhoneSimulator.ActiveCfg = Debug|x86
		{56307D1D-715A-4D4D-AA6E-D67FD242B7BE}.Debug|x64.ActiveCfg = Debug|x64
		{56307D1D-715A-4D4D-AA6E-D67FD242B7BE}.Debug|x64.Build.0 = Debug|x64
		{56307D1D-715A-4D4D-AA6E-D67FD242B7BE}.Debug|x64.Deploy.0 = Debug|x64
		{56307D1D-715A-4D4D-AA6E-D67FD242B7BE}.Debug|x86.ActiveCfg = Debug|x86
		{56307D1D-715A-4D4D-AA6E-D67FD242B7BE}.Debug|x86.Build.0 = Debug|x86
		{56307D1D-715A-4D4D-AA6E-D67FD242B7BE}.Debug|x86.Deploy.0 = Debug|x86
		{56307D1D-715A-4D4D-AA6E-D67FD242B7BE}.Release|Any CPU.ActiveCfg = Release|x86
		{56307D1D-715A-4D4D-AA6E-D67FD242B7BE}.Release|ARM.ActiveCfg = Release|ARM
		{56307D1D-715A-4D4D-AA6E-D67FD242B7BE}.Release|ARM.Build.0 = Release|ARM
		{56307D1D-715A-4D4D-AA6E-D67FD242B7BE}.Release|ARM.Deploy.0 = Release|ARM
		{56307D1D-715A-4D4D-AA6E-D67FD242B7BE}.Release|ARM64.ActiveCfg = Release|ARM64
		{56307D1D-715A-4D4D-AA6E-D67FD242B7BE}.Release|ARM64.Build.0 = Release|ARM64
		{56307D1D-715A-4D4D-AA6E-D67FD242B7BE}.Release|ARM64.Deploy.0 = Release|ARM64
		{56307D1D-715A-4D4D-AA6E-D67FD242B7BE}.Release|iPhone.ActiveCfg = Release|x86
		{56307D1D-715A-4D4D-AA6E-D67FD242B7BE}.Release|iPhoneSimulator.ActiveCfg = Release|x86
		{56307D1D-715A-4D4D-AA6E-D67FD242B7BE}.Release|x64.ActiveCfg = Release|x64
		{56307D1D-715A-4D4D-AA6E-D67FD242B7BE}.Release|x64.Build.0 = Release|x64
		{56307D1D-715A-4D4D-AA6E-D67FD242B7BE}.Release|x64.Deploy.0 = Release|x64
		{56307D1D-715A-4D4D-AA6E-D67FD242B7BE}.Release|x86.ActiveCfg = Release|x86
		{56307D1D-715A-4D4D-AA6E-D67FD242B7BE}.Release|x86.Build.0 = Release|x86
		{56307D1D-715A-4D4D-AA6E-D67FD242B7BE}.Release|x86.Deploy.0 = Release|x86
	EndGlobalSection
	GlobalSection(SolutionProperties) = preSolution
		HideSolutionNode = FALSE
	EndGlobalSection
	GlobalSection(NestedProjects) = preSolution
		{BD285E01-28F0-4044-BB8C-F09A73E17368} = {C61474E1-DBA8-4BB4-AB7A-BC241C61DC02}
		{56307D1D-715A-4D4D-AA6E-D67FD242B7BE} = {C61474E1-DBA8-4BB4-AB7A-BC241C61DC02}
	EndGlobalSection
	GlobalSection(ExtensibilityGlobals) = postSolution
		SolutionGuid = {593DBE48-9B1F-48BC-BF57-54C934B1E4B7}
	EndGlobalSection
EndGlobal
